
Microsoft Visual Studio Solution File, Format Version 12.00
# Visual Studio Version 16
VisualStudioVersion = 16.0.30711.63
MinimumVisualStudioVersion = 10.0.40219.1
Project("{FAE04EC0-301F-11D3-BF4B-00C04F79EFBC}") = "ConsoleParkingMachine", "ConsoleParkingMachine\ConsoleParkingMachine.csproj", "{7EA2182D-DD6B-4D92-AD05-5B322431DEFA}"
EndProject
Global
	GlobalSection(SolutionConfigurationPlatforms) = preSolution
		Debug|Any CPU = Debug|Any CPU
		Release|Any CPU = Release|Any CPU
	EndGlobalSection
	GlobalSection(ProjectConfigurationPlatforms) = postSolution
		{7EA2182D-DD6B-4D92-AD05-5B322431DEFA}.Debug|Any CPU.ActiveCfg = Debug|Any CPU
		{7EA2182D-DD6B-4D92-AD05-5B322431DEFA}.Debug|Any CPU.Build.0 = Debug|Any CPU
		{7EA2182D-DD6B-4D92-AD05-5B322431DEFA}.Release|Any CPU.ActiveCfg = Release|Any CPU
		{7EA2182D-DD6B-4D92-AD05-5B322431DEFA}.Release|Any CPU.Build.0 = Release|Any CPU
	EndGlobalSection
	GlobalSection(SolutionProperties) = preSolution
		HideSolutionNode = FALSE
	EndGlobalSection
	GlobalSection(ExtensibilityGlobals) = postSolution
		SolutionGuid = {05C7E5CA-4C1D-4A82-A959-6185BCB371EA}
	EndGlobalSection
EndGlobal
